{
  "name": "sibermas-monorepo",
  "lockfileVersion": 3,
  "requires": true,
  "packages": {
    "": {
      "name": "sibermas-monorepo",
      "devDependencies": {
        "turbo": "^2.5.0"
      }
    },
    "node_modules/.pnpm/turbo@2.9.8/node_modules/turbo": {
      "version": "2.9.8",
      "dev": true,
      "license": "MIT",
      "bin": {
        "turbo": "bin/turbo"
      },
      "optionalDependencies": {
        "@turbo/darwin-64": "2.9.8",
        "@turbo/darwin-arm64": "2.9.8",
        "@turbo/linux-64": "2.9.8",
        "@turbo/linux-arm64": "2.9.8",
        "@turbo/windows-64": "2.9.8",
        "@turbo/windows-arm64": "2.9.8"
      }
    },
    "node_modules/@turbo/darwin-64": {
      "version": "2.9.8",
      "resolved": "https://registry.npmjs.org/@turbo/darwin-64/-/darwin-64-2.9.8.tgz",
      "integrity": "sha512-zU1P95ygDpsQ+2QHh7CVTqvYwi9UBlhKWzoIyUnP3vUoge7H9SQEzrd8dj+XcTrslAp9Db3vIBcXtMVoTEYDnA==",
      "cpu": [
        "x64"
      ],
      "dev": true,
      "license": "MIT",
      "optional": true,
      "os": [
        "darwin"
      ]
    },
    "node_modules/@turbo/darwin-arm64": {
      "version": "2.9.8",
      "resolved": "https://registry.npmjs.org/@turbo/darwin-arm64/-/darwin-arm64-2.9.8.tgz",
      "integrity": "sha512-nKRFI5ZhCGUi4eXNlrojzWcT/CehMj0raot1WE4lw5qf66ZxZHbRbBqcwNEy+ZLY7RkJJRY+TaU89fuj3BcgGg==",
      "cpu": [
        "arm64"
      ],
      "dev": true,
      "license": "MIT",
      "optional": true,
      "os": [
        "darwin"
      ]
    },
    "node_modules/@turbo/linux-64": {
      "version": "2.9.8",
      "resolved": "https://registry.npmjs.org/@turbo/linux-64/-/linux-64-2.9.8.tgz",
      "integrity": "sha512-Wf/kQpVDCaWM3P5d6lKvJnqjYn/ofUBGbT4h4vRFrdC4N6B/nsun03S2kQNJJMXpXg39woeS4CI367RMU3/OAg==",
      "cpu": [
        "x64"
      ],
      "dev": true,
      "license": "MIT",
      "optional": true,
      "os": [
        "linux"
      ]
    },
    "node_modules/@turbo/linux-arm64": {
      "version": "2.9.8",
      "resolved": "https://registry.npmjs.org/@turbo/linux-arm64/-/linux-arm64-2.9.8.tgz",
      "integrity": "sha512-v6S3HuKVoa9CEx16IxKj1i/+crxXx22A9O80zW1350zyUlcX0T/zLOxVf1k+ruK/7ssXnDJVg8uSYOxlYRedlA==",
      "cpu": [
        "arm64"
      ],
      "dev": true,
      "license": "MIT",
      "optional": true,
      "os": [
        "linux"
      ]
    },
    "node_modules/@turbo/windows-64": {
      "version": "2.9.8",
      "resolved": "https://registry.npmjs.org/@turbo/windows-64/-/windows-64-2.9.8.tgz",
      "integrity": "sha512-JaefWOJNBazDylAn3f+lLB34XMNu8nEBbgPRP/Ewysg81cBubGfcyyyzpQOGVuMwfaqdNAE/kitG7w3AbJn9/g==",
      "cpu": [
        "x64"
      ],
      "dev": true,
      "license": "MIT",
      "optional": true,
      "os": [
        "win32"
      ]
    },
    "node_modules/@turbo/windows-arm64": {
      "version": "2.9.8",
      "resolved": "https://registry.npmjs.org/@turbo/windows-arm64/-/windows-arm64-2.9.8.tgz",
      "integrity": "sha512-Or6ljjB4TiiwCdVKDYWew0SokQ9kep5zruL8P3nbum9WdkH5XA41rQID4Ulc215Z+R3DrB+qXSHPsJjU3/n2ng==",
      "cpu": [
        "arm64"
      ],
      "dev": true,
      "license": "MIT",
      "optional": true,
      "os": [
        "win32"
      ]
    },
    "node_modules/turbo": {
      "resolved": "node_modules/.pnpm/turbo@2.9.8/node_modules/turbo",
      "link": true
    }
  }
}
